
Microsoft Visual Studio Solution File, Format Version 12.00
# Visual Studio 2012
Project("{FAE04EC0-301F-11D3-BF4B-00C04F79EFBC}") = "Kerbal_Construction_Time", "Kerbal_Construction_Time\Kerbal_Construction_Time.csproj", "{93908B2A-0859-4DAB-8873-D32A4C633308}"
EndProject
Global
	GlobalSection(SolutionConfigurationPlatforms) = preSolution
		Debug|Any CPU = Debug|Any CPU
		Release|Any CPU = Release|Any CPU
	EndGlobalSection
	GlobalSection(ProjectConfigurationPlatforms) = postSolution
		{93908B2A-0859-4DAB-8873-D32A4C633308}.Debug|Any CPU.ActiveCfg = Debug|Any CPU
		{93908B2A-0859-4DAB-8873-D32A4C633308}.Debug|Any CPU.Build.0 = Debug|Any CPU
		{93908B2A-0859-4DAB-8873-D32A4C633308}.Release|Any CPU.ActiveCfg = Release|Any CPU
		{93908B2A-0859-4DAB-8873-D32A4C633308}.Release|Any CPU.Build.0 = Release|Any CPU
	EndGlobalSection
	GlobalSection(SolutionProperties) = preSolution
		HideSolutionNode = FALSE
	EndGlobalSection
EndGlobal
